
Microsoft Visual Studio Solution File, Format Version 12.00
# Visual Studio 2013
VisualStudioVersion = 12.0.21005.1
MinimumVisualStudioVersion = 10.0.40219.1
Project("{8BC9CEB8-8B4A-11D0-8D11-00A0C91BC942}") = "1.1 CPU_Ultilization", "beauty_of_coding\beauty_of_coding.vcxproj", "{2709FF26-C52D-404D-8139-D5DA601A5E2A}"
EndProject
Project("{2150E333-8FDC-42A3-9474-1A3956D46DE8}") = "Solution Items", "Solution Items", "{EB57C29C-7DDE-4605-8AB3-345443271ED7}"
	ProjectSection(SolutionItems) = preProject
		F:\books\[编程之美].编程之美小组.扫描版.pdf = F:\books\[编程之美].编程之美小组.扫描版.pdf
		Cracking_the_Code_Interview.docx = Cracking_the_Code_Interview.docx
	EndProjectSection
EndProject
Project("{8BC9CEB8-8B4A-11D0-8D11-00A0C91BC942}") = "1.2 Chess Position", "1.2 Chess Position\1.2 Chess Position.vcxproj", "{149E966C-CCF0-46B3-B1BD-F9B6BBBEA844}"
EndProject
Project("{8BC9CEB8-8B4A-11D0-8D11-00A0C91BC942}") = "1.4 Buy Books", "1.4 Buy Books\1.4 Buy Books.vcxproj", "{10A216B6-20F9-47CA-A37D-ED86121CF580}"
EndProject
Project("{8BC9CEB8-8B4A-11D0-8D11-00A0C91BC942}") = "1.5 Machine Failure", "1.5 Machine Failure\1.5 Machine Failure.vcxproj", "{69036614-B726-4520-96AC-26ED71D0D9A0}"
EndProject
Project("{8BC9CEB8-8B4A-11D0-8D11-00A0C91BC942}") = "1.6 Drink Supply", "1.6 Drink Supply\1.6 Drink Supply.vcxproj", "{08519456-9EA6-41DA-B41A-13DECF0CDAE1}"
EndProject
Project("{8BC9CEB8-8B4A-11D0-8D11-00A0C91BC942}") = "1.7  LightAndShadow", "1.7  LightAndShadow\1.7  LightAndShadow.vcxproj", "{608F846D-49A4-4B5B-B3A3-1EDE4298CD5F}"
EndProject
Project("{8BC9CEB8-8B4A-11D0-8D11-00A0C91BC942}") = "2.1 Count1s", "2.1 Count1s\2.1 Count1s.vcxproj", "{30C88B94-143F-483E-836A-6D1AFE64DFDA}"
EndProject
Project("{8BC9CEB8-8B4A-11D0-8D11-00A0C91BC942}") = "2.2 Factorial", "2.2 Factorial\2.2 Factorial.vcxproj", "{13D22DCB-551A-4F3B-A4D1-15E75DEE7671}"
EndProject
Project("{8BC9CEB8-8B4A-11D0-8D11-00A0C91BC942}") = "2.3 WaterKing", "2.3 WaterKing\2.3 WaterKing.vcxproj", "{4935114C-B6BC-476B-B5C0-4650C9EE2624}"
EndProject
Project("{8BC9CEB8-8B4A-11D0-8D11-00A0C91BC942}") = "2.4 NumberOfOnes", "2.4 NumberOfOnes\2.4 NumberOfOnes.vcxproj", "{3BC46ACB-131D-4DBE-A898-93C3D04460F5}"
EndProject
Project("{8BC9CEB8-8B4A-11D0-8D11-00A0C91BC942}") = "2.5 FindKLargestNumber", "2.5 FindKLargestNumber\2.5 FindKLargestNumber.vcxproj", "{551D8097-7901-4362-A768-DC109CB010A1}"
EndProject
Global
	GlobalSection(SolutionConfigurationPlatforms) = preSolution
		Debug|Win32 = Debug|Win32
		Release|Win32 = Release|Win32
	EndGlobalSection
	GlobalSection(ProjectConfigurationPlatforms) = postSolution
		{2709FF26-C52D-404D-8139-D5DA601A5E2A}.Debug|Win32.ActiveCfg = Debug|Win32
		{2709FF26-C52D-404D-8139-D5DA601A5E2A}.Debug|Win32.Build.0 = Debug|Win32
		{2709FF26-C52D-404D-8139-D5DA601A5E2A}.Release|Win32.ActiveCfg = Release|Win32
		{2709FF26-C52D-404D-8139-D5DA601A5E2A}.Release|Win32.Build.0 = Release|Win32
		{149E966C-CCF0-46B3-B1BD-F9B6BBBEA844}.Debug|Win32.ActiveCfg = Debug|Win32
		{149E966C-CCF0-46B3-B1BD-F9B6BBBEA844}.Debug|Win32.Build.0 = Debug|Win32
		{149E966C-CCF0-46B3-B1BD-F9B6BBBEA844}.Release|Win32.ActiveCfg = Release|Win32
		{149E966C-CCF0-46B3-B1BD-F9B6BBBEA844}.Release|Win32.Build.0 = Release|Win32
		{10A216B6-20F9-47CA-A37D-ED86121CF580}.Debug|Win32.ActiveCfg = Debug|Win32
		{10A216B6-20F9-47CA-A37D-ED86121CF580}.Debug|Win32.Build.0 = Debug|Win32
		{10A216B6-20F9-47CA-A37D-ED86121CF580}.Release|Win32.ActiveCfg = Release|Win32
		{10A216B6-20F9-47CA-A37D-ED86121CF580}.Release|Win32.Build.0 = Release|Win32
		{69036614-B726-4520-96AC-26ED71D0D9A0}.Debug|Win32.ActiveCfg = Debug|Win32
		{69036614-B726-4520-96AC-26ED71D0D9A0}.Debug|Win32.Build.0 = Debug|Win32
		{69036614-B726-4520-96AC-26ED71D0D9A0}.Release|Win32.ActiveCfg = Release|Win32
		{69036614-B726-4520-96AC-26ED71D0D9A0}.Release|Win32.Build.0 = Release|Win32
		{08519456-9EA6-41DA-B41A-13DECF0CDAE1}.Debug|Win32.ActiveCfg = Debug|Win32
		{08519456-9EA6-41DA-B41A-13DECF0CDAE1}.Debug|Win32.Build.0 = Debug|Win32
		{08519456-9EA6-41DA-B41A-13DECF0CDAE1}.Release|Win32.ActiveCfg = Release|Win32
		{08519456-9EA6-41DA-B41A-13DECF0CDAE1}.Release|Win32.Build.0 = Release|Win32
		{608F846D-49A4-4B5B-B3A3-1EDE4298CD5F}.Debug|Win32.ActiveCfg = Debug|Win32
		{608F846D-49A4-4B5B-B3A3-1EDE4298CD5F}.Debug|Win32.Build.0 = Debug|Win32
		{608F846D-49A4-4B5B-B3A3-1EDE4298CD5F}.Release|Win32.ActiveCfg = Release|Win32
		{608F846D-49A4-4B5B-B3A3-1EDE4298CD5F}.Release|Win32.Build.0 = Release|Win32
		{30C88B94-143F-483E-836A-6D1AFE64DFDA}.Debug|Win32.ActiveCfg = Debug|Win32
		{30C88B94-143F-483E-836A-6D1AFE64DFDA}.Debug|Win32.Build.0 = Debug|Win32
		{30C88B94-143F-483E-836A-6D1AFE64DFDA}.Release|Win32.ActiveCfg = Release|Win32
		{30C88B94-143F-483E-836A-6D1AFE64DFDA}.Release|Win32.Build.0 = Release|Win32
		{13D22DCB-551A-4F3B-A4D1-15E75DEE7671}.Debug|Win32.ActiveCfg = Debug|Win32
		{13D22DCB-551A-4F3B-A4D1-15E75DEE7671}.Debug|Win32.Build.0 = Debug|Win32
		{13D22DCB-551A-4F3B-A4D1-15E75DEE7671}.Release|Win32.ActiveCfg = Release|Win32
		{13D22DCB-551A-4F3B-A4D1-15E75DEE7671}.Release|Win32.Build.0 = Release|Win32
		{4935114C-B6BC-476B-B5C0-4650C9EE2624}.Debug|Win32.ActiveCfg = Debug|Win32
		{4935114C-B6BC-476B-B5C0-4650C9EE2624}.Debug|Win32.Build.0 = Debug|Win32
		{4935114C-B6BC-476B-B5C0-4650C9EE2624}.Release|Win32.ActiveCfg = Release|Win32
		{4935114C-B6BC-476B-B5C0-4650C9EE2624}.Release|Win32.Build.0 = Release|Win32
		{3BC46ACB-131D-4DBE-A898-93C3D04460F5}.Debug|Win32.ActiveCfg = Debug|Win32
		{3BC46ACB-131D-4DBE-A898-93C3D04460F5}.Debug|Win32.Build.0 = Debug|Win32
		{3BC46ACB-131D-4DBE-A898-93C3D04460F5}.Release|Win32.ActiveCfg = Release|Win32
		{3BC46ACB-131D-4DBE-A898-93C3D04460F5}.Release|Win32.Build.0 = Release|Win32
		{551D8097-7901-4362-A768-DC109CB010A1}.Debug|Win32.ActiveCfg = Debug|Win32
		{551D8097-7901-4362-A768-DC109CB010A1}.Debug|Win32.Build.0 = Debug|Win32
		{551D8097-7901-4362-A768-DC109CB010A1}.Release|Win32.ActiveCfg = Release|Win32
		{551D8097-7901-4362-A768-DC109CB010A1}.Release|Win32.Build.0 = Release|Win32
	EndGlobalSection
	GlobalSection(SolutionProperties) = preSolution
		HideSolutionNode = FALSE
	EndGlobalSection
EndGlobal
